// !$*UTF8*$!
{
	archiveVersion = 1;
	classes = {
	};
	objectVersion = 46;
	objects = {

/* Begin PBXBuildFile section */
		0C82206F6F1C4287AEAE80A3 /* Pods_CodePath_Flicks.framework in Frameworks */ = {isa = PBXBuildFile; fileRef = EBE1E8A3E8BF7139831B1089 /* Pods_CodePath_Flicks.framework */; };
		9112C67E1C5709A800167D5F /* AppDelegate.swift in Sources */ = {isa = PBXBuildFile; fileRef = 9112C67D1C5709A800167D5F /* AppDelegate.swift */; };
		9112C6831C5709A800167D5F /* Main.storyboard in Resources */ = {isa = PBXBuildFile; fileRef = 9112C6811C5709A800167D5F /* Main.storyboard */; };
		9112C6851C5709A800167D5F /* Assets.xcassets in Resources */ = {isa = PBXBuildFile; fileRef = 9112C6841C5709A800167D5F /* Assets.xcassets */; };
		9112C6881C5709A800167D5F /* LaunchScreen.storyboard in Resources */ = {isa = PBXBuildFile; fileRef = 9112C6861C5709A800167D5F /* LaunchScreen.storyboard */; };
		9112C6901C57129B00167D5F /* MoviesViewController.swift in Sources */ = {isa = PBXBuildFile; fileRef = 9112C68F1C57129B00167D5F /* MoviesViewController.swift */; };
		9112C6931C59153000167D5F /* MovieCell.swift in Sources */ = {isa = PBXBuildFile; fileRef = 9112C6921C59153000167D5F /* MovieCell.swift */; };
/* End PBXBuildFile section */

/* Begin PBXFileReference section */
		568AD3E6F04F5749EADD0664 /* Pods-CodePath_Flicks.release.xcconfig */ = {isa = PBXFileReference; includeInIndex = 1; lastKnownFileType = text.xcconfig; name = "Pods-CodePath_Flicks.release.xcconfig"; path = "Pods/Target Support Files/Pods-CodePath_Flicks/Pods-CodePath_Flicks.release.xcconfig"; sourceTree = "<group>"; };
		9112C67A1C5709A800167D5F /* CodePath_Flicks.app */ = {isa = PBXFileReference; explicitFileType = wrapper.application; includeInIndex = 0; path = CodePath_Flicks.app; sourceTree = BUILT_PRODUCTS_DIR; };
		9112C67D1C5709A800167D5F /* AppDelegate.swift */ = {isa = PBXFileReference; lastKnownFileType = sourcecode.swift; path = AppDelegate.swift; sourceTree = "<group>"; };
		9112C6821C5709A800167D5F /* Base */ = {isa = PBXFileReference; lastKnownFileType = file.storyboard; name = Base; path = Base.lproj/Main.storyboard; sourceTree = "<group>"; };
		9112C6841C5709A800167D5F /* Assets.xcassets */ = {isa = PBXFileReference; lastKnownFileType = folder.assetcatalog; path = Assets.xcassets; sourceTree = "<group>"; };
		9112C6871C5709A800167D5F /* Base */ = {isa = PBXFileReference; lastKnownFileType = file.storyboard; name = Base; path = Base.lproj/LaunchScreen.storyboard; sourceTree = "<group>"; };
		9112C6891C5709A800167D5F /* Info.plist */ = {isa = PBXFileReference; lastKnownFileType = text.plist.xml; path = Info.plist; sourceTree = "<group>"; };
		9112C68F1C57129B00167D5F /* MoviesViewController.swift */ = {isa = PBXFileReference; fileEncoding = 4; lastKnownFileType = sourcecode.swift; path = MoviesViewController.swift; sourceTree = "<group>"; };
		9112C6921C59153000167D5F /* MovieCell.swift */ = {isa = PBXFileReference; fileEncoding = 4; lastKnownFileType = sourcecode.swift; path = MovieCell.swift; sourceTree = "<group>"; };
		D4E9399931D4DE4D6970A618 /* Pods-CodePath_Flicks.debug.xcconfig */ = {isa = PBXFileReference; includeInIndex = 1; lastKnownFileType = text.xcconfig; name = "Pods-CodePath_Flicks.debug.xcconfig"; path = "Pods/Target Support Files/Pods-CodePath_Flicks/Pods-CodePath_Flicks.debug.xcconfig"; sourceTree = "<group>"; };
		EBE1E8A3E8BF7139831B1089 /* Pods_CodePath_Flicks.framework */ = {isa = PBXFileReference; explicitFileType = wrapper.framework; includeInIndex = 0; path = Pods_CodePath_Flicks.framework; sourceTree = BUILT_PRODUCTS_DIR; };
/* End PBXFileReference section */

/* Begin PBXFrameworksBuildPhase section */
		9112C6771C5709A800167D5F /* Frameworks */ = {
			isa = PBXFrameworksBuildPhase;
			buildActionMask = 2147483647;
			files = (
				0C82206F6F1C4287AEAE80A3 /* Pods_CodePath_Flicks.framework in Frameworks */,
			);
			runOnlyForDeploymentPostprocessing = 0;
		};
/* End PBXFrameworksBuildPhase section */

/* Begin PBXGroup section */
		54E877A00492C92D71ADE79C /* Pods */ = {
			isa = PBXGroup;
			children = (
				D4E9399931D4DE4D6970A618 /* Pods-CodePath_Flicks.debug.xcconfig */,
				568AD3E6F04F5749EADD0664 /* Pods-CodePath_Flicks.release.xcconfig */,
			);
			name = Pods;
			sourceTree = "<group>";
		};
		7B805C3EAD25EF65022D4319 /* Frameworks */ = {
			isa = PBXGroup;
			children = (
				EBE1E8A3E8BF7139831B1089 /* Pods_CodePath_Flicks.framework */,
			);
			name = Frameworks;
			sourceTree = "<group>";
		};
		9112C6711C5709A800167D5F = {
			isa = PBXGroup;
			children = (
				9112C67C1C5709A800167D5F /* CodePath_Flicks */,
				9112C67B1C5709A800167D5F /* Products */,
				54E877A00492C92D71ADE79C /* Pods */,
				7B805C3EAD25EF65022D4319 /* Frameworks */,
			);
			sourceTree = "<group>";
		};
		9112C67B1C5709A800167D5F /* Products */ = {
			isa = PBXGroup;
			children = (
				9112C67A1C5709A800167D5F /* CodePath_Flicks.app */,
			);
			name = Products;
			sourceTree = "<group>";
		};
		9112C67C1C5709A800167D5F /* CodePath_Flicks */ = {
			isa = PBXGroup;
			children = (
				9112C6941C59154F00167D5F /* view controllers */,
				9112C6911C5914AC00167D5F /* Views */,
				9112C67D1C5709A800167D5F /* AppDelegate.swift */,
				9112C6811C5709A800167D5F /* Main.storyboard */,
				9112C6841C5709A800167D5F /* Assets.xcassets */,
				9112C6861C5709A800167D5F /* LaunchScreen.storyboard */,
				9112C6891C5709A800167D5F /* Info.plist */,
			);
			path = CodePath_Flicks;
			sourceTree = "<group>";
		};
		9112C6911C5914AC00167D5F /* Views */ = {
			isa = PBXGroup;
			children = (
				9112C6921C59153000167D5F /* MovieCell.swift */,
			);
			name = Views;
			sourceTree = "<group>";
		};
		9112C6941C59154F00167D5F /* view controllers */ = {
			isa = PBXGroup;
			children = (
				9112C68F1C57129B00167D5F /* MoviesViewController.swift */,
			);
			name = "view controllers";
			sourceTree = "<group>";
		};
/* End PBXGroup section */

/* Begin PBXNativeTarget section */
		9112C6791C5709A800167D5F /* CodePath_Flicks */ = {
			isa = PBXNativeTarget;
			buildConfigurationList = 9112C68C1C5709A800167D5F /* Build configuration list for PBXNativeTarget "CodePath_Flicks" */;
			buildPhases = (
				85AE0A4617F1CCE178FEFCAC /* Check Pods Manifest.lock */,
				9112C6761C5709A800167D5F /* Sources */,
				9112C6771C5709A800167D5F /* Frameworks */,
				9112C6781C5709A800167D5F /* Resources */,
				065CB2DFBE6EADF629122173 /* Embed Pods Frameworks */,
				1C4370E6F1128E33343325F2 /* Copy Pods Resources */,
			);
			buildRules = (
			);
			dependencies = (
			);
			name = CodePath_Flicks;
			productName = CodePath_Flicks;
			productReference = 9112C67A1C5709A800167D5F /* CodePath_Flicks.app */;
			productType = "com.apple.product-type.application";
		};
/* End PBXNativeTarget section */

/* Begin PBXProject section */
		9112C6721C5709A800167D5F /* Project object */ = {
			isa = PBXProject;
			attributes = {
				LastSwiftUpdateCheck = 0720;
				LastUpgradeCheck = 0720;
				ORGANIZATIONNAME = codepath;
				TargetAttributes = {
					9112C6791C5709A800167D5F = {
						CreatedOnToolsVersion = 7.2;
						DevelopmentTeam = 5KUGVB8BKV;
					};
				};
			};
			buildConfigurationList = 9112C6751C5709A800167D5F /* Build configuration list for PBXProject "CodePath_Flicks" */;
			compatibilityVersion = "Xcode 3.2";
			developmentRegion = English;
			hasScannedForEncodings = 0;
			knownRegions = (
				en,
				Base,
			);
			mainGroup = 9112C6711C5709A800167D5F;
			productRefGroup = 9112C67B1C5709A800167D5F /* Products */;
			projectDirPath = "";
			projectRoot = "";
			targets = (
				9112C6791C5709A800167D5F /* CodePath_Flicks */,
			);
		};
/* End PBXProject section */

/* Begin PBXResourcesBuildPhase section */
		9112C6781C5709A800167D5F /* Resources */ = {
			isa = PBXResourcesBuildPhase;
			buildActionMask = 2147483647;
			files = (
				9112C6881C5709A800167D5F /* LaunchScreen.storyboard in Resources */,
				9112C6851C5709A800167D5F /* Assets.xcassets in Resources */,
				9112C6831C5709A800167D5F /* Main.storyboard in Resources */,
			);
			runOnlyForDeploymentPostprocessing = 0;
		};
/* End PBXResourcesBuildPhase section */

/* Begin PBXShellScriptBuildPhase section */
		065CB2DFBE6EADF629122173 /* Embed Pods Frameworks */ = {
			isa = PBXShellScriptBuildPhase;
			buildActionMask = 2147483647;
			files = (
			);
			inputPaths = (
			);
			name = "Embed Pods Frameworks";
			outputPaths = (
			);
			runOnlyForDeploymentPostprocessing = 0;
			shellPath = /bin/sh;
			shellScript = "\"${SRCROOT}/Pods/Target Support Files/Pods-CodePath_Flicks/Pods-CodePath_Flicks-frameworks.sh\"\n";
			showEnvVarsInLog = 0;
		};
		1C4370E6F1128E33343325F2 /* Copy Pods Resources */ = {
			isa = PBXShellScriptBuildPhase;
			buildActionMask = 2147483647;
			files = (
			);
			inputPaths = (
			);
			name = "Copy Pods Resources";
			outputPaths = (
			);
			runOnlyForDeploymentPostprocessing = 0;
			shellPath = /bin/sh;
			shellScript = "\"${SRCROOT}/Pods/Target Support Files/Pods-CodePath_Flicks/Pods-CodePath_Flicks-resources.sh\"\n";
			showEnvVarsInLog = 0;
		};
		85AE0A4617F1CCE178FEFCAC /* Check Pods Manifest.lock */ = {
			isa = PBXShellScriptBuildPhase;
			buildActionMask = 2147483647;
			files = (
			);
			inputPaths = (
			);
			name = "Check Pods Manifest.lock";
			outputPaths = (
			);
			runOnlyForDeploymentPostprocessing = 0;
			shellPath = /bin/sh;
			shellScript = "diff \"${PODS_ROOT}/../Podfile.lock\" \"${PODS_ROOT}/Manifest.lock\" > /dev/null\nif [[ $? != 0 ]] ; then\n    cat << EOM\nerror: The sandbox is not in sync with the Podfile.lock. Run 'pod install' or update your CocoaPods installation.\nEOM\n    exit 1\nfi\n";
			showEnvVarsInLog = 0;
		};
/* End PBXShellScriptBuildPhase section */

/* Begin PBXSourcesBuildPhase section */
		9112C6761C5709A800167D5F /* Sources */ = {
			isa = PBXSourcesBuildPhase;
			buildActionMask = 2147483647;
			files = (
				9112C67E1C5709A800167D5F /* AppDelegate.swift in Sources */,
				9112C6901C57129B00167D5F /* MoviesViewController.swift in Sources */,
				9112C6931C59153000167D5F /* MovieCell.swift in Sources */,
			);
			runOnlyForDeploymentPostprocessing = 0;
		};
/* End PBXSourcesBuildPhase section */

/* Begin PBXVariantGroup section */
		9112C6811C5709A800167D5F /* Main.storyboard */ = {
			isa = PBXVariantGroup;
			children = (
				9112C6821C5709A800167D5F /* Base */,
			);
			name = Main.storyboard;
			sourceTree = "<group>";
		};
		9112C6861C5709A800167D5F /* LaunchScreen.storyboard */ = {
			isa = PBXVariantGroup;
			children = (
				9112C6871C5709A800167D5F /* Base */,
			);
			name = LaunchScreen.storyboard;
			sourceTree = "<group>";
		};
/* End PBXVariantGroup section */

/* Begin XCBuildConfiguration section */
		9112C68A1C5709A800167D5F /* Debug */ = {
			isa = XCBuildConfiguration;
			buildSettings = {
				ALWAYS_SEARCH_USER_PATHS = NO;
				CLANG_CXX_LANGUAGE_STANDARD = "gnu++0x";
				CLANG_CXX_LIBRARY = "libc++";
				CLANG_ENABLE_MODULES = YES;
				CLANG_ENABLE_OBJC_ARC = YES;
				CLANG_WARN_BOOL_CONVERSION = YES;
				CLANG_WARN_CONSTANT_CONVERSION = YES;
				CLANG_WARN_DIRECT_OBJC_ISA_USAGE = YES_ERROR;
				CLANG_WARN_EMPTY_BODY = YES;
				CLANG_WARN_ENUM_CONVERSION = YES;
				CLANG_WARN_INT_CONVERSION = YES;
				CLANG_WARN_OBJC_ROOT_CLASS = YES_ERROR;
				CLANG_WARN_UNREACHABLE_CODE = YES;
				CLANG_WARN__DUPLICATE_METHOD_MATCH = YES;
				"CODE_SIGN_IDENTITY[sdk=iphoneos*]" = "iPhone Developer";
				COPY_PHASE_STRIP = NO;
				DEBUG_INFORMATION_FORMAT = dwarf;
				ENABLE_STRICT_OBJC_MSGSEND = YES;
				ENABLE_TESTABILITY = YES;
				GCC_C_LANGUAGE_STANDARD = gnu99;
				GCC_DYNAMIC_NO_PIC = NO;
				GCC_NO_COMMON_BLOCKS = YES;
				GCC_OPTIMIZATION_LEVEL = 0;
				GCC_PREPROCESSOR_DEFINITIONS = (
					"DEBUG=1",
					"$(inherited)",
				);
				GCC_WARN_64_TO_32_BIT_CONVERSION = YES;
				GCC_WARN_ABOUT_RETURN_TYPE = YES_ERROR;
				GCC_WARN_UNDECLARED_SELECTOR = YES;
				GCC_WARN_UNINITIALIZED_AUTOS = YES_AGGRESSIVE;
				GCC_WARN_UNUSED_FUNCTION = YES;
				GCC_WARN_UNUSED_VARIABLE = YES;
				IPHONEOS_DEPLOYMENT_TARGET = 9.2;
				MTL_ENABLE_DEBUG_INFO = YES;
				ONLY_ACTIVE_ARCH = YES;
				SDKROOT = iphoneos;
				SWIFT_OPTIMIZATION_LEVEL = "-Onone";
			};
			name = Debug;
		};
		9112C68B1C5709A800167D5F /* Release */ = {
			isa = XCBuildConfiguration;
			buildSettings = {
				ALWAYS_SEARCH_USER_PATHS = NO;
				CLANG_CXX_LANGUAGE_STANDARD = "gnu++0x";
				CLANG_CXX_LIBRARY = "libc++";
				CLANG_ENABLE_MODULES = YES;
				CLANG_ENABLE_OBJC_ARC = YES;
				CLANG_WARN_BOOL_CONVERSION = YES;
				CLANG_WARN_CONSTANT_CONVERSION = YES;
				CLANG_WARN_DIRECT_OBJC_ISA_USAGE = YES_ERROR;
				CLANG_WARN_EMPTY_BODY = YES;
				CLANG_WARN_ENUM_CONVERSION = YES;
				CLANG_WARN_INT_CONVERSION = YES;
				CLANG_WARN_OBJC_ROOT_CLASS = YES_ERROR;
				CLANG_WARN_UNREACHABLE_CODE = YES;
				CLANG_WARN__DUPLICATE_METHOD_MATCH = YES;
				"CODE_SIGN_IDENTITY[sdk=iphoneos*]" = "iPhone Developer";
				COPY_PHASE_STRIP = NO;
				DEBUG_INFORMATION_FORMAT = "dwarf-with-dsym";
				ENABLE_NS_ASSERTIONS = NO;
				ENABLE_STRICT_OBJC_MSGSEND = YES;
				GCC_C_LANGUAGE_STANDARD = gnu99;
				GCC_NO_COMMON_BLOCKS = YES;
				GCC_WARN_64_TO_32_BIT_CONVERSION = YES;
				GCC_WARN_ABOUT_RETURN_TYPE = YES_ERROR;
				GCC_WARN_UNDECLARED_SELECTOR = YES;
				GCC_WARN_UNINITIALIZED_AUTOS = YES_AGGRESSIVE;
				GCC_WARN_UNUSED_FUNCTION = YES;
				GCC_WARN_UNUSED_VARIABLE = YES;
				IPHONEOS_DEPLOYMENT_TARGET = 9.2;
				MTL_ENABLE_DEBUG_INFO = NO;
				SDKROOT = iphoneos;
				VALIDATE_PRODUCT = YES;
			};
			name = Release;
		};
		9112C68D1C5709A800167D5F /* Debug */ = {
			isa = XCBuildConfiguration;
			baseConfigurationReference = D4E9399931D4DE4D6970A618 /* Pods-CodePath_Flicks.debug.xcconfig */;
			buildSettings = {
				ASSETCATALOG_COMPILER_APPICON_NAME = AppIcon;
				INFOPLIST_FILE = CodePath_Flicks/Info.plist;
				IPHONEOS_DEPLOYMENT_TARGET = 9.0;
				LD_RUNPATH_SEARCH_PATHS = "$(inherited) @executable_path/Frameworks";
				PRODUCT_BUNDLE_IDENTIFIER = "com.codepath.CodePath-Flicks";
				PRODUCT_NAME = "$(TARGET_NAME)";
			};
			name = Debug;
		};
		9112C68E1C5709A800167D5F /* Release */ = {
			isa = XCBuildConfiguration;
			baseConfigurationReference = 568AD3E6F04F5749EADD0664 /* Pods-CodePath_Flicks.release.xcconfig */;
			buildSettings = {
				ASSETCATALOG_COMPILER_APPICON_NAME = AppIcon;
				INFOPLIST_FILE = CodePath_Flicks/Info.plist;
				IPHONEOS_DEPLOYMENT_TARGET = 9.0;
				LD_RUNPATH_SEARCH_PATHS = "$(inherited) @executable_path/Frameworks";
				PRODUCT_BUNDLE_IDENTIFIER = "com.codepath.CodePath-Flicks";
				PRODUCT_NAME = "$(TARGET_NAME)";
			};
			name = Release;
		};
/* End XCBuildConfiguration section */

/* Begin XCConfigurationList section */
		9112C6751C5709A800167D5F /* Build configuration list for PBXProject "CodePath_Flicks" */ = {
			isa = XCConfigurationList;
			buildConfigurations = (
				9112C68A1C5709A800167D5F /* Debug */,
				9112C68B1C5709A800167D5F /* Release */,
			);
			defaultConfigurationIsVisible = 0;
			defaultConfigurationName = Release;
		};
		9112C68C1C5709A800167D5F /* Build configuration list for PBXNativeTarget "CodePath_Flicks" */ = {
			isa = XCConfigurationList;
			buildConfigurations = (
				9112C68D1C5709A800167D5F /* Debug */,
				9112C68E1C5709A800167D5F /* Release */,
			);
			defaultConfigurationIsVisible = 0;
			defaultConfigurationName = Release;
		};
/* End XCConfigurationList section */
	};
	rootObject = 9112C6721C5709A800167D5F /* Project object */;
}
